<?xml version="1.0" encoding="utf-8"?>
<Project ToolsVersion="4.0" xmlns="http://schemas.microsoft.com/developer/msbuild/2003">
  <ItemGroup>
    <Filter Include="Source Files">
      <UniqueIdentifier>{4FC737F1-C7A5-4376-A066-2A32D752A2FF}</UniqueIdentifier>
      <Extensions>cpp;c;cc;cxx;def;odl;idl;hpj;bat;asm;asmx</Extensions>
    </Filter>
    <Filter Include="Header Files">
      <UniqueIdentifier>{93995380-89BD-4b04-88EB-625FBE52EBFB}</UniqueIdentifier>
      <Extensions>h;hh;hpp;hxx;hm;inl;inc;xsd</Extensions>
    </Filter>
    <Filter Include="Resource Files">
      <UniqueIdentifier>{67DA6AB6-F800-4c08-8B7A-83BB121AAD01}</UniqueIdentifier>
      <Extensions>rc;ico;cur;bmp;dlg;rc2;rct;bin;rgs;gif;jpg;jpeg;jpe;resx;tiff;tif;png;wav;mfcribbon-ms</Extensions>
    </Filter>
    <Filter Include="box3D">
      <UniqueIdentifier>{cf45dee7-106a-4b10-a7c4-b38e34f7a595}</UniqueIdentifier>
    </Filter>
    <Filter Include="Shader Files">
      <UniqueIdentifier>{58b0f501-b2a1-41c6-80a2-99830ccc7ecc}</UniqueIdentifier>
    </Filter>
  </ItemGroup>
  <ItemGroup>
    <ClCompile Include="demo.cpp">
      <Filter>Source Files</Filter>
    </ClCompile>
    <ClCompile Include="box3D\box3DcalculateForce.cpp">
      <Filter>box3D</Filter>
    </ClCompile>
    <ClCompile Include="box3D\box3Dcollision.cpp">
      <Filter>box3D</Filter>
    </ClCompile>
    <ClCompile Include="box3D\box3DglobalRule.cpp">
      <Filter>box3D</Filter>
    </ClCompile>
    <ClCompile Include="box3D\box3Drendering.cpp">
      <Filter>box3D</Filter>
    </ClCompile>
    <ClCompile Include="box3D\Cone.cpp">
      <Filter>box3D</Filter>
    </ClCompile>
    <ClCompile Include="box3D\Cube.cpp">
      <Filter>box3D</Filter>
    </ClCompile>
    <ClCompile Include="box3D\Cylinder.cpp">
      <Filter>box3D</Filter>
    </ClCompile>
    <ClCompile Include="box3D\Plane.cpp">
      <Filter>box3D</Filter>
    </ClCompile>
    <ClCompile Include="box3D\Sphere.cpp">
      <Filter>box3D</Filter>
    </ClCompile>
    <ClCompile Include="controls.cpp">
      <Filter>Source Files</Filter>
    </ClCompile>
    <ClCompile Include="box3D\Rigidbody.cpp">
      <Filter>box3D</Filter>
    </ClCompile>
  </ItemGroup>
  <ItemGroup>
    <ClInclude Include="box3D\box3Dcollision.h">
      <Filter>box3D</Filter>
    </ClInclude>
    <ClInclude Include="box3D\box3DglobalRule.h">
      <Filter>box3D</Filter>
    </ClInclude>
    <ClInclude Include="box3D\Cone.h">
      <Filter>box3D</Filter>
    </ClInclude>
    <ClInclude Include="box3D\Cube.h">
      <Filter>box3D</Filter>
    </ClInclude>
    <ClInclude Include="box3D\Cylinder.h">
      <Filter>box3D</Filter>
    </ClInclude>
    <ClInclude Include="box3D\Plane.h">
      <Filter>box3D</Filter>
    </ClInclude>
    <ClInclude Include="box3D\Rigidbody.h">
      <Filter>box3D</Filter>
    </ClInclude>
    <ClInclude Include="box3D\Sphere.h">
      <Filter>box3D</Filter>
    </ClInclude>
  </ItemGroup>
  <ItemGroup>
    <None Include="StandardShading.vertexshader">
      <Filter>Shader Files</Filter>
    </None>
    <None Include="StandardTransparentShading.fragmentshader">
      <Filter>Shader Files</Filter>
    </None>
  </ItemGroup>
</Project>